{
  "name": "atomsq",
  "version": "0.0.1",
  "lockfileVersion": 2,
  "requires": true,
  "packages": {
    "": {
      "name": "atomsq",
      "version": "0.0.1",
      "license": "ISC",
      "dependencies": {
        "typed-bitwig-api": "^17.0.1"
      },
      "devDependencies": {
        "typescript": "^4.7.4"
      }
    },
    "node_modules/typed-bitwig-api": {
      "version": "17.0.1",
      "resolved": "https://registry.npmjs.org/typed-bitwig-api/-/typed-bitwig-api-17.0.1.tgz",
      "integrity": "sha512-JseWff60xso8dgmH//U6b1P2k5PQHWDInpqE992Y2kIvKbppJgckc1vtHOLSwi1u31tJf5cs3IqMbW70gb4TeA=="
    },
    "node_modules/typescript": {
      "version": "4.7.4",
      "resolved": "https://registry.npmjs.org/typescript/-/typescript-4.7.4.tgz",
      "integrity": "sha512-C0WQT0gezHuw6AdY1M2jxUO83Rjf0HP7Sk1DtXj6j1EwkQNZrHAg2XPWlq62oqEhYvONq5pkC2Y9oPljWToLmQ==",
      "dev": true,
      "bin": {
        "tsc": "bin/tsc",
        "tsserver": "bin/tsserver"
      },
      "engines": {
        "node": ">=4.2.0"
      }
    }
  },
  "dependencies": {
    "typed-bitwig-api": {
      "version": "17.0.1",
      "resolved": "https://registry.npmjs.org/typed-bitwig-api/-/typed-bitwig-api-17.0.1.tgz",
      "integrity": "sha512-JseWff60xso8dgmH//U6b1P2k5PQHWDInpqE992Y2kIvKbppJgckc1vtHOLSwi1u31tJf5cs3IqMbW70gb4TeA=="
    },
    "typescript": {
      "version": "4.7.4",
      "resolved": "https://registry.npmjs.org/typescript/-/typescript-4.7.4.tgz",
      "integrity": "sha512-C0WQT0gezHuw6AdY1M2jxUO83Rjf0HP7Sk1DtXj6j1EwkQNZrHAg2XPWlq62oqEhYvONq5pkC2Y9oPljWToLmQ==",
      "dev": true
    }
  }
}
